
Microsoft Visual Studio Solution File, Format Version 12.00
# Visual Studio Version 17
VisualStudioVersion = 17.0.31912.275
MinimumVisualStudioVersion = 10.0.40219.1
Project("{8BC9CEB8-8B4A-11D0-8D11-00A0C91BC942}") = "BDMatch", "BDMatch\BDMatch.vcxproj", "{5C156A2F-2484-41B8-89A7-D05002A2340F}"
	ProjectSection(ProjectDependencies) = postProject
		{050EB5B9-7CAE-43F0-9285-831210B2EC0A} = {050EB5B9-7CAE-43F0-9285-831210B2EC0A}
	EndProjectSection
EndProject
Project("{8BC9CEB8-8B4A-11D0-8D11-00A0C91BC942}") = "BDMatchCore", "BDMatchCore\BDMatchCore.vcxproj", "{050EB5B9-7CAE-43F0-9285-831210B2EC0A}"
EndProject
Project("{FAE04EC0-301F-11D3-BF4B-00C04F79EFBC}") = "BDMatchUI", "BDMatchUI\BDMatchUI.csproj", "{F0ADE51D-065D-4FB1-8479-CFB811A0A03A}"
	ProjectSection(ProjectDependencies) = postProject
		{050EB5B9-7CAE-43F0-9285-831210B2EC0A} = {050EB5B9-7CAE-43F0-9285-831210B2EC0A}
	EndProjectSection
EndProject
Global
	GlobalSection(SolutionConfigurationPlatforms) = preSolution
		Debug|Any CPU = Debug|Any CPU
		Debug|ARM = Debug|ARM
		Debug|arm64 = Debug|arm64
		Debug|x64 = Debug|x64
		Debug|x86 = Debug|x86
		Release|Any CPU = Release|Any CPU
		Release|ARM = Release|ARM
		Release|arm64 = Release|arm64
		Release|x64 = Release|x64
		Release|x86 = Release|x86
	EndGlobalSection
	GlobalSection(ProjectConfigurationPlatforms) = postSolution
		{5C156A2F-2484-41B8-89A7-D05002A2340F}.Debug|Any CPU.ActiveCfg = Debug|Win32
		{5C156A2F-2484-41B8-89A7-D05002A2340F}.Debug|ARM.ActiveCfg = Debug|x64
		{5C156A2F-2484-41B8-89A7-D05002A2340F}.Debug|ARM.Build.0 = Debug|x64
		{5C156A2F-2484-41B8-89A7-D05002A2340F}.Debug|arm64.ActiveCfg = Debug|x64
		{5C156A2F-2484-41B8-89A7-D05002A2340F}.Debug|arm64.Build.0 = Debug|x64
		{5C156A2F-2484-41B8-89A7-D05002A2340F}.Debug|x64.ActiveCfg = Debug|x64
		{5C156A2F-2484-41B8-89A7-D05002A2340F}.Debug|x64.Build.0 = Debug|x64
		{5C156A2F-2484-41B8-89A7-D05002A2340F}.Debug|x86.ActiveCfg = Debug|Win32
		{5C156A2F-2484-41B8-89A7-D05002A2340F}.Debug|x86.Build.0 = Debug|Win32
		{5C156A2F-2484-41B8-89A7-D05002A2340F}.Release|Any CPU.ActiveCfg = Release|Win32
		{5C156A2F-2484-41B8-89A7-D05002A2340F}.Release|ARM.ActiveCfg = Release|x64
		{5C156A2F-2484-41B8-89A7-D05002A2340F}.Release|ARM.Build.0 = Release|x64
		{5C156A2F-2484-41B8-89A7-D05002A2340F}.Release|arm64.ActiveCfg = Release|x64
		{5C156A2F-2484-41B8-89A7-D05002A2340F}.Release|arm64.Build.0 = Release|x64
		{5C156A2F-2484-41B8-89A7-D05002A2340F}.Release|x64.ActiveCfg = Release|x64
		{5C156A2F-2484-41B8-89A7-D05002A2340F}.Release|x64.Build.0 = Release|x64
		{5C156A2F-2484-41B8-89A7-D05002A2340F}.Release|x86.ActiveCfg = Release|Win32
		{5C156A2F-2484-41B8-89A7-D05002A2340F}.Release|x86.Build.0 = Release|Win32
		{050EB5B9-7CAE-43F0-9285-831210B2EC0A}.Debug|Any CPU.ActiveCfg = Debug|Win32
		{050EB5B9-7CAE-43F0-9285-831210B2EC0A}.Debug|ARM.ActiveCfg = Debug|x64
		{050EB5B9-7CAE-43F0-9285-831210B2EC0A}.Debug|ARM.Build.0 = Debug|x64
		{050EB5B9-7CAE-43F0-9285-831210B2EC0A}.Debug|arm64.ActiveCfg = Debug|x64
		{050EB5B9-7CAE-43F0-9285-831210B2EC0A}.Debug|arm64.Build.0 = Debug|x64
		{050EB5B9-7CAE-43F0-9285-831210B2EC0A}.Debug|x64.ActiveCfg = Debug|x64
		{050EB5B9-7CAE-43F0-9285-831210B2EC0A}.Debug|x64.Build.0 = Debug|x64
		{050EB5B9-7CAE-43F0-9285-831210B2EC0A}.Debug|x86.ActiveCfg = Debug|Win32
		{050EB5B9-7CAE-43F0-9285-831210B2EC0A}.Debug|x86.Build.0 = Debug|Win32
		{050EB5B9-7CAE-43F0-9285-831210B2EC0A}.Release|Any CPU.ActiveCfg = Release|Win32
		{050EB5B9-7CAE-43F0-9285-831210B2EC0A}.Release|ARM.ActiveCfg = Release|x64
		{050EB5B9-7CAE-43F0-9285-831210B2EC0A}.Release|ARM.Build.0 = Release|x64
		{050EB5B9-7CAE-43F0-9285-831210B2EC0A}.Release|arm64.ActiveCfg = Release|x64
		{050EB5B9-7CAE-43F0-9285-831210B2EC0A}.Release|arm64.Build.0 = Release|x64
		{050EB5B9-7CAE-43F0-9285-831210B2EC0A}.Release|x64.ActiveCfg = Release|x64
		{050EB5B9-7CAE-43F0-9285-831210B2EC0A}.Release|x64.Build.0 = Release|x64
		{050EB5B9-7CAE-43F0-9285-831210B2EC0A}.Release|x86.ActiveCfg = Release|Win32
		{050EB5B9-7CAE-43F0-9285-831210B2EC0A}.Release|x86.Build.0 = Release|Win32
		{F0ADE51D-065D-4FB1-8479-CFB811A0A03A}.Debug|Any CPU.ActiveCfg = Debug|x64
		{F0ADE51D-065D-4FB1-8479-CFB811A0A03A}.Debug|Any CPU.Build.0 = Debug|x64
		{F0ADE51D-065D-4FB1-8479-CFB811A0A03A}.Debug|Any CPU.Deploy.0 = Debug|x64
		{F0ADE51D-065D-4FB1-8479-CFB811A0A03A}.Debug|ARM.ActiveCfg = Debug|x64
		{F0ADE51D-065D-4FB1-8479-CFB811A0A03A}.Debug|ARM.Build.0 = Debug|x64
		{F0ADE51D-065D-4FB1-8479-CFB811A0A03A}.Debug|ARM.Deploy.0 = Debug|x64
		{F0ADE51D-065D-4FB1-8479-CFB811A0A03A}.Debug|arm64.ActiveCfg = Debug|ARM64
		{F0ADE51D-065D-4FB1-8479-CFB811A0A03A}.Debug|arm64.Build.0 = Debug|ARM64
		{F0ADE51D-065D-4FB1-8479-CFB811A0A03A}.Debug|arm64.Deploy.0 = Debug|ARM64
		{F0ADE51D-065D-4FB1-8479-CFB811A0A03A}.Debug|x64.ActiveCfg = Debug|x64
		{F0ADE51D-065D-4FB1-8479-CFB811A0A03A}.Debug|x64.Build.0 = Debug|x64
		{F0ADE51D-065D-4FB1-8479-CFB811A0A03A}.Debug|x64.Deploy.0 = Debug|x64
		{F0ADE51D-065D-4FB1-8479-CFB811A0A03A}.Debug|x86.ActiveCfg = Debug|x86
		{F0ADE51D-065D-4FB1-8479-CFB811A0A03A}.Debug|x86.Build.0 = Debug|x86
		{F0ADE51D-065D-4FB1-8479-CFB811A0A03A}.Debug|x86.Deploy.0 = Debug|x86
		{F0ADE51D-065D-4FB1-8479-CFB811A0A03A}.Release|Any CPU.ActiveCfg = Release|x64
		{F0ADE51D-065D-4FB1-8479-CFB811A0A03A}.Release|Any CPU.Build.0 = Release|x64
		{F0ADE51D-065D-4FB1-8479-CFB811A0A03A}.Release|Any CPU.Deploy.0 = Release|x64
		{F0ADE51D-065D-4FB1-8479-CFB811A0A03A}.Release|ARM.ActiveCfg = Release|x64
		{F0ADE51D-065D-4FB1-8479-CFB811A0A03A}.Release|ARM.Build.0 = Release|x64
		{F0ADE51D-065D-4FB1-8479-CFB811A0A03A}.Release|ARM.Deploy.0 = Release|x64
		{F0ADE51D-065D-4FB1-8479-CFB811A0A03A}.Release|arm64.ActiveCfg = Release|ARM64
		{F0ADE51D-065D-4FB1-8479-CFB811A0A03A}.Release|arm64.Build.0 = Release|ARM64
		{F0ADE51D-065D-4FB1-8479-CFB811A0A03A}.Release|arm64.Deploy.0 = Release|ARM64
		{F0ADE51D-065D-4FB1-8479-CFB811A0A03A}.Release|x64.ActiveCfg = Release|x64
		{F0ADE51D-065D-4FB1-8479-CFB811A0A03A}.Release|x64.Build.0 = Release|x64
		{F0ADE51D-065D-4FB1-8479-CFB811A0A03A}.Release|x64.Deploy.0 = Release|x64
		{F0ADE51D-065D-4FB1-8479-CFB811A0A03A}.Release|x86.ActiveCfg = Release|x86
		{F0ADE51D-065D-4FB1-8479-CFB811A0A03A}.Release|x86.Build.0 = Release|x86
		{F0ADE51D-065D-4FB1-8479-CFB811A0A03A}.Release|x86.Deploy.0 = Release|x86
	EndGlobalSection
	GlobalSection(SolutionProperties) = preSolution
		HideSolutionNode = FALSE
	EndGlobalSection
	GlobalSection(ExtensibilityGlobals) = postSolution
		SolutionGuid = {FDCA1AC4-2BE4-4237-9CDD-19601518E9B9}
	EndGlobalSection
	GlobalSection(Performance) = preSolution
		HasPerformanceSessions = true
	EndGlobalSection
	GlobalSection(Performance) = preSolution
		HasPerformanceSessions = true
	EndGlobalSection
	GlobalSection(Performance) = preSolution
		HasPerformanceSessions = true
	EndGlobalSection
	GlobalSection(Performance) = preSolution
		HasPerformanceSessions = true
	EndGlobalSection
	GlobalSection(Performance) = preSolution
		HasPerformanceSessions = true
	EndGlobalSection
	GlobalSection(Performance) = preSolution
		HasPerformanceSessions = true
	EndGlobalSection
	GlobalSection(Performance) = preSolution
		HasPerformanceSessions = true
	EndGlobalSection
EndGlobal
